-e git+https://github.com/sherif69-sa/DevS69-sdetkit.git@51c3c92ac4a2fb440b739a43f7d49324956ba05a#egg=sdetkit
CacheControl==0.14.4
Jinja2==3.1.6
Markdown==3.10.2
MarkupSafe==3.0.3
PyYAML==6.0.3
Pygments==2.19.2
SecretStorage==3.5.0
anyio==4.12.1
arrow==1.4.0
attrs==25.4.0
babel==2.18.0
backrefs==6.1
boolean.py==5.0
build==1.4.0
certifi==2026.1.4
cffi==2.0.0
cfgv==3.5.0
chardet==5.2.0
charset-normalizer==3.4.4
click==8.3.1
colorama==0.4.6
coverage==7.13.4
cryptography==46.0.5
cyclonedx-bom==7.2.1
cyclonedx-python-lib==11.6.0
defusedxml==0.7.1
distlib==0.4.0
docutils==0.22.4
filelock==3.21.2
fqdn==1.5.1
ghp-import==2.1.0
h11==0.16.0
httpcore==1.0.9
httpx==0.28.1
hypothesis==6.151.6
id==1.6.1
identify==2.6.16
idna==3.11
iniconfig==2.3.0
isoduration==20.11.0
jaraco.classes==3.4.0
jaraco.context==6.1.0
jaraco.functools==4.4.0
jeepney==0.9.0
jsonpointer==3.0.0
jsonschema-specifications==2025.9.1
jsonschema==4.26.0
keyring==25.7.0
lark==1.3.1
libcst==1.8.6
librt==0.8.0
license-expression==30.4.4
linkify-it-py==2.0.3
lxml==6.0.2
markdown-it-py==4.0.0
mdit-py-plugins==0.5.0
mdurl==0.1.2
mergedeep==1.3.4
mkdocs-get-deps==0.2.0
mkdocs-material-extensions==1.3.1
mkdocs-material==9.7.1
mkdocs==1.6.1
more-itertools==10.8.0
msgpack==1.1.2
mutmut==3.4.0
mypy==1.19.1
mypy_extensions==1.1.0
nh3==0.3.2
nodeenv==1.10.0
packageurl-python==0.17.6
packaging==25.0
paginate==0.5.7
pathspec==1.0.4
pip-api==0.0.34
pip-requirements-parser==32.0.1
pip_audit==2.10.0
platformdirs==4.7.0
pluggy==1.6.0
pre_commit==4.5.1
py-serializable==2.1.0
pycparser==3.0
pymdown-extensions==10.20.1
pyparsing==3.3.2
pyproject_hooks==1.2.0
pytest-asyncio==1.3.0
pytest-cov==7.0.0
pytest==9.0.2
python-dateutil==2.9.0.post0
pyyaml_env_tag==1.1
readme_renderer==44.0
referencing==0.37.0
requests-toolbelt==1.0.0
requests==2.32.5
rfc3339-validator==0.1.4
rfc3986-validator==0.1.1
rfc3986==2.0.0
rfc3987-syntax==1.1.0
rich==14.3.2
rpds-py==0.30.0
ruff==0.15.1
setproctitle==1.3.7
six==1.17.0
sortedcontainers==2.4.0
textual==7.5.0
tomli==2.4.0
tomli_w==1.2.0
twine==6.2.0
typing_extensions==4.15.0
tzdata==2025.3
uc-micro-py==1.0.3
uri-template==1.3.0
urllib3==2.6.3
virtualenv==20.36.1
watchdog==6.0.0
webcolors==25.10.0
